
Microsoft Visual Studio Solution File, Format Version 12.00
# Visual Studio Version 17
VisualStudioVersion = 17.10.34916.146
MinimumVisualStudioVersion = 10.0.40219.1
Project("{FAE04EC0-301F-11D3-BF4B-00C04F79EFBC}") = "WpfApp1", "WpfApp1\WpfApp1.csproj", "{B41EC057-31BF-424F-804B-54C079A1D15C}"
EndProject
Global
	GlobalSection(SolutionConfigurationPlatforms) = preSolution
		Debug|Any CPU = Debug|Any CPU
		Release|Any CPU = Release|Any CPU
	EndGlobalSection
	GlobalSection(ProjectConfigurationPlatforms) = postSolution
		{B41EC057-31BF-424F-804B-54C079A1D15C}.Debug|Any CPU.ActiveCfg = Debug|Any CPU
		{B41EC057-31BF-424F-804B-54C079A1D15C}.Debug|Any CPU.Build.0 = Debug|Any CPU
		{B41EC057-31BF-424F-804B-54C079A1D15C}.Release|Any CPU.ActiveCfg = Release|Any CPU
		{B41EC057-31BF-424F-804B-54C079A1D15C}.Release|Any CPU.Build.0 = Release|Any CPU
	EndGlobalSection
	GlobalSection(SolutionProperties) = preSolution
		HideSolutionNode = FALSE
	EndGlobalSection
	GlobalSection(ExtensibilityGlobals) = postSolution
		SolutionGuid = {14340F70-4192-48C2-98E2-4BF59E55EAEE}
	EndGlobalSection
EndGlobal
